
Microsoft Visual Studio Solution File, Format Version 9.00
# Visual Studio 2005
Project("{FAE04EC0-301F-11D3-BF4B-00C04F79EFBC}") = "Apolo", "Apolo\Apolo.csproj", "{57107A8B-1627-4890-ADF5-973D503E827F}"
EndProject
Global
	GlobalSection(SolutionConfigurationPlatforms) = preSolution
		Debug|Any CPU = Debug|Any CPU
		Release|Any CPU = Release|Any CPU
	EndGlobalSection
	GlobalSection(ProjectConfigurationPlatforms) = postSolution
		{57107A8B-1627-4890-ADF5-973D503E827F}.Debug|Any CPU.ActiveCfg = Debug|Any CPU
		{57107A8B-1627-4890-ADF5-973D503E827F}.Debug|Any CPU.Build.0 = Debug|Any CPU
		{57107A8B-1627-4890-ADF5-973D503E827F}.Debug|Any CPU.Deploy.0 = Debug|Any CPU
		{57107A8B-1627-4890-ADF5-973D503E827F}.Release|Any CPU.ActiveCfg = Release|Any CPU
		{57107A8B-1627-4890-ADF5-973D503E827F}.Release|Any CPU.Build.0 = Release|Any CPU
		{57107A8B-1627-4890-ADF5-973D503E827F}.Release|Any CPU.Deploy.0 = Release|Any CPU
	EndGlobalSection
	GlobalSection(SolutionProperties) = preSolution
		HideSolutionNode = FALSE
	EndGlobalSection
EndGlobal
